
Microsoft Visual Studio Solution File, Format Version 12.00
# Visual Studio Version 17
VisualStudioVersion = 17.11.35208.52
MinimumVisualStudioVersion = 10.0.40219.1
Project("{9092AA53-FB77-4645-B42D-1CCCA6BD08BD}") = "DrinkingGame", "DrinkingGame\DrinkingGame.njsproj", "{9D8B9F6D-7958-4153-8B82-3863963E1380}"
EndProject
Global
	GlobalSection(SolutionConfigurationPlatforms) = preSolution
		Debug|Any CPU = Debug|Any CPU
		Release|Any CPU = Release|Any CPU
	EndGlobalSection
	GlobalSection(ProjectConfigurationPlatforms) = postSolution
		{9D8B9F6D-7958-4153-8B82-3863963E1380}.Debug|Any CPU.ActiveCfg = Debug|Any CPU
		{9D8B9F6D-7958-4153-8B82-3863963E1380}.Debug|Any CPU.Build.0 = Debug|Any CPU
		{9D8B9F6D-7958-4153-8B82-3863963E1380}.Release|Any CPU.ActiveCfg = Release|Any CPU
		{9D8B9F6D-7958-4153-8B82-3863963E1380}.Release|Any CPU.Build.0 = Release|Any CPU
	EndGlobalSection
	GlobalSection(SolutionProperties) = preSolution
		HideSolutionNode = FALSE
	EndGlobalSection
	GlobalSection(ExtensibilityGlobals) = postSolution
		SolutionGuid = {BA1475D0-92B6-4FDF-BFEA-9CFDE8076277}
	EndGlobalSection
EndGlobal
